// !$*UTF8*$!
{
	archiveVersion = 1;
	classes = {
	};
	objectVersion = 46;
	objects = {

/* Begin PBXBuildFile section */
		31181FBC22B9756F00EC5BAC /* itexturemanager.hpp in Headers */ = {isa = PBXBuildFile; fileRef = 31181FBA22B9756F00EC5BAC /* itexturemanager.hpp */; };
		31181FC022B9762300EC5BAC /* mycontroller.cpp in Sources */ = {isa = PBXBuildFile; fileRef = 31181FBE22B9762300EC5BAC /* mycontroller.cpp */; };
		3150BDC522BD3F9D00E8FF0E /* timeline.cpp in Sources */ = {isa = PBXBuildFile; fileRef = 3150BDC322BD3F9D00E8FF0E /* timeline.cpp */; };
		3150BDC622BD3F9D00E8FF0E /* timeline.hpp in Headers */ = {isa = PBXBuildFile; fileRef = 3150BDC422BD3F9D00E8FF0E /* timeline.hpp */; };
		3150BDCA22BD482300E8FF0E /* shadergl.cpp in Sources */ = {isa = PBXBuildFile; fileRef = 3150BDC822BD482300E8FF0E /* shadergl.cpp */; };
		3150BDCB22BD482300E8FF0E /* shadergl.hpp in Headers */ = {isa = PBXBuildFile; fileRef = 3150BDC922BD482300E8FF0E /* shadergl.hpp */; };
		3150BDCF22BD4E1000E8FF0E /* ifontmanager.cpp in Sources */ = {isa = PBXBuildFile; fileRef = 3150BDCD22BD4E1000E8FF0E /* ifontmanager.cpp */; };
		3150BDD022BD4E1000E8FF0E /* ifontmanager.hpp in Headers */ = {isa = PBXBuildFile; fileRef = 3150BDCE22BD4E1000E8FF0E /* ifontmanager.hpp */; };
		316957D022B13BFD001BE627 /* openglview-mac.mm in Sources */ = {isa = PBXBuildFile; fileRef = 316957CF22B13BFD001BE627 /* openglview-mac.mm */; };
		317BBE2D22B94142005AF45B /* texturemanagergl.cpp in Sources */ = {isa = PBXBuildFile; fileRef = 317BBE2B22B94142005AF45B /* texturemanagergl.cpp */; };
		317BBE2E22B94142005AF45B /* texturemanagergl.hpp in Headers */ = {isa = PBXBuildFile; fileRef = 317BBE2C22B94142005AF45B /* texturemanagergl.hpp */; };
		317BBE3122B94339005AF45B /* lodepng.cpp in Sources */ = {isa = PBXBuildFile; fileRef = 317BBE3022B94339005AF45B /* lodepng.cpp */; };
		317BBE3322B9433F005AF45B /* lodepng.hpp in Headers */ = {isa = PBXBuildFile; fileRef = 317BBE3222B9433F005AF45B /* lodepng.hpp */; };
		317BBE3422B944E7005AF45B /* objectmanager.cpp in Sources */ = {isa = PBXBuildFile; fileRef = 316957D422B13ECF001BE627 /* objectmanager.cpp */; };
		317BBE3522B944EB005AF45B /* iresourcemanager.cpp in Sources */ = {isa = PBXBuildFile; fileRef = 316957D122B13E75001BE627 /* iresourcemanager.cpp */; };
		31F1D2AD22AFF37F0023D763 /* factory.cpp in Sources */ = {isa = PBXBuildFile; fileRef = 31F1D2AB22AFF37F0023D763 /* factory.cpp */; };
		31F1D2B822AFF3B60023D763 /* controller.cpp in Sources */ = {isa = PBXBuildFile; fileRef = 313C665F22AEC0D000EF8A7C /* controller.cpp */; };
		31F1D2BA22AFF3B60023D763 /* animatable.cpp in Sources */ = {isa = PBXBuildFile; fileRef = 313C666522AEC0F000EF8A7C /* animatable.cpp */; };
		31F1D2BC22AFF3F10023D763 /* libengine.a in Frameworks */ = {isa = PBXBuildFile; fileRef = 31F1D2B222AFF3950023D763 /* libengine.a */; };
		31F1D2BF22AFF6A20023D763 /* tile.cpp in Sources */ = {isa = PBXBuildFile; fileRef = 31F1D2BD22AFF6A20023D763 /* tile.cpp */; };
		31F5072E22AE990C003F32CD /* AppDelegate.mm in Sources */ = {isa = PBXBuildFile; fileRef = 31F5072D22AE990C003F32CD /* AppDelegate.mm */; };
		31F5073122AE990C003F32CD /* main.m in Sources */ = {isa = PBXBuildFile; fileRef = 31F5073022AE990C003F32CD /* main.m */; };
		31F5073322AE990C003F32CD /* Assets.xcassets in Resources */ = {isa = PBXBuildFile; fileRef = 31F5073222AE990C003F32CD /* Assets.xcassets */; };
		31F5073622AE990C003F32CD /* MainMenu.xib in Resources */ = {isa = PBXBuildFile; fileRef = 31F5073422AE990C003F32CD /* MainMenu.xib */; };
		31FA47CF22BAD4B8003A2C5D /* inputmanager.cpp in Sources */ = {isa = PBXBuildFile; fileRef = 31FA47CD22BAD4B8003A2C5D /* inputmanager.cpp */; };
		31FA47D022BAD4B8003A2C5D /* inputmanager.hpp in Headers */ = {isa = PBXBuildFile; fileRef = 31FA47CE22BAD4B8003A2C5D /* inputmanager.hpp */; };
		31FA47D322BADAE4003A2C5D /* shadermanager.cpp in Sources */ = {isa = PBXBuildFile; fileRef = 31FA47D122BADAE4003A2C5D /* shadermanager.cpp */; };
		31FA47D422BADAE4003A2C5D /* shadermanager.hpp in Headers */ = {isa = PBXBuildFile; fileRef = 31FA47D222BADAE4003A2C5D /* shadermanager.hpp */; };
		31FA47D822BADC07003A2C5D /* ishader.hpp in Headers */ = {isa = PBXBuildFile; fileRef = 31FA47D622BADC07003A2C5D /* ishader.hpp */; };
/* End PBXBuildFile section */

/* Begin PBXContainerItemProxy section */
		31F1D2B622AFF39F0023D763 /* PBXContainerItemProxy */ = {
			isa = PBXContainerItemProxy;
			containerPortal = 31F5072122AE990C003F32CD /* Project object */;
			proxyType = 1;
			remoteGlobalIDString = 31F1D2B122AFF3950023D763;
			remoteInfo = engine;
		};
/* End PBXContainerItemProxy section */

/* Begin PBXFileReference section */
		31181FBA22B9756F00EC5BAC /* itexturemanager.hpp */ = {isa = PBXFileReference; fileEncoding = 4; lastKnownFileType = sourcecode.cpp.h; name = itexturemanager.hpp; path = ../src/engine/itexturemanager.hpp; sourceTree = SOURCE_ROOT; };
		31181FBE22B9762300EC5BAC /* mycontroller.cpp */ = {isa = PBXFileReference; fileEncoding = 4; lastKnownFileType = sourcecode.cpp.cpp; name = mycontroller.cpp; path = "../src/example-game/mycontroller.cpp"; sourceTree = "<group>"; };
		31181FBF22B9762300EC5BAC /* mycontroller.hpp */ = {isa = PBXFileReference; fileEncoding = 4; lastKnownFileType = sourcecode.cpp.h; name = mycontroller.hpp; path = "../src/example-game/mycontroller.hpp"; sourceTree = "<group>"; };
		313C665F22AEC0D000EF8A7C /* controller.cpp */ = {isa = PBXFileReference; fileEncoding = 4; lastKnownFileType = sourcecode.cpp.cpp; name = controller.cpp; path = ../src/engine/controller.cpp; sourceTree = SOURCE_ROOT; };
		313C666022AEC0D000EF8A7C /* controller.hpp */ = {isa = PBXFileReference; fileEncoding = 4; lastKnownFileType = sourcecode.cpp.h; name = controller.hpp; path = ../src/engine/controller.hpp; sourceTree = SOURCE_ROOT; };
		313C666322AEC0DA00EF8A7C /* iobject.hpp */ = {isa = PBXFileReference; fileEncoding = 4; lastKnownFileType = sourcecode.cpp.h; name = iobject.hpp; path = ../src/engine/iobject.hpp; sourceTree = SOURCE_ROOT; };
		313C666522AEC0F000EF8A7C /* animatable.cpp */ = {isa = PBXFileReference; fileEncoding = 4; lastKnownFileType = sourcecode.cpp.cpp; name = animatable.cpp; path = ../src/engine/animatable.cpp; sourceTree = SOURCE_ROOT; };
		313C666622AEC0F000EF8A7C /* animatable.hpp */ = {isa = PBXFileReference; fileEncoding = 4; lastKnownFileType = sourcecode.cpp.h; name = animatable.hpp; path = ../src/engine/animatable.hpp; sourceTree = SOURCE_ROOT; };
		313C666C22AEC16100EF8A7C /* iobjectfactory.hpp */ = {isa = PBXFileReference; fileEncoding = 4; lastKnownFileType = sourcecode.cpp.h; name = iobjectfactory.hpp; path = ../src/engine/iobjectfactory.hpp; sourceTree = SOURCE_ROOT; };
		313C666E22AEC3C500EF8A7C /* types.hpp */ = {isa = PBXFileReference; lastKnownFileType = sourcecode.cpp.h; name = types.hpp; path = ../src/engine/types.hpp; sourceTree = SOURCE_ROOT; };
		3150BDC322BD3F9D00E8FF0E /* timeline.cpp */ = {isa = PBXFileReference; fileEncoding = 4; lastKnownFileType = sourcecode.cpp.cpp; name = timeline.cpp; path = "../src/engine-util/timeline.cpp"; sourceTree = SOURCE_ROOT; };
		3150BDC422BD3F9D00E8FF0E /* timeline.hpp */ = {isa = PBXFileReference; fileEncoding = 4; lastKnownFileType = sourcecode.cpp.h; name = timeline.hpp; path = "../src/engine-util/timeline.hpp"; sourceTree = SOURCE_ROOT; };
		3150BDC822BD482300E8FF0E /* shadergl.cpp */ = {isa = PBXFileReference; fileEncoding = 4; lastKnownFileType = sourcecode.cpp.cpp; name = shadergl.cpp; path = ../src/engine/opengl/shadergl.cpp; sourceTree = SOURCE_ROOT; };
		3150BDC922BD482300E8FF0E /* shadergl.hpp */ = {isa = PBXFileReference; fileEncoding = 4; lastKnownFileType = sourcecode.cpp.h; name = shadergl.hpp; path = ../src/engine/opengl/shadergl.hpp; sourceTree = SOURCE_ROOT; };
		3150BDCC22BD4C9600E8FF0E /* opengl.hpp */ = {isa = PBXFileReference; lastKnownFileType = sourcecode.cpp.h; name = opengl.hpp; path = ../src/engine/opengl/opengl.hpp; sourceTree = SOURCE_ROOT; };
		3150BDCD22BD4E1000E8FF0E /* ifontmanager.cpp */ = {isa = PBXFileReference; fileEncoding = 4; lastKnownFileType = sourcecode.cpp.cpp; name = ifontmanager.cpp; path = ../src/engine/ifontmanager.cpp; sourceTree = SOURCE_ROOT; };
		3150BDCE22BD4E1000E8FF0E /* ifontmanager.hpp */ = {isa = PBXFileReference; fileEncoding = 4; lastKnownFileType = sourcecode.cpp.h; name = ifontmanager.hpp; path = ../src/engine/ifontmanager.hpp; sourceTree = SOURCE_ROOT; };
		316957CE22B13BFD001BE627 /* openglview-mac.hpp */ = {isa = PBXFileReference; fileEncoding = 4; lastKnownFileType = sourcecode.cpp.h; name = "openglview-mac.hpp"; path = "../src/engine/opengl/openglview-mac.hpp"; sourceTree = SOURCE_ROOT; };
		316957CF22B13BFD001BE627 /* openglview-mac.mm */ = {isa = PBXFileReference; fileEncoding = 4; lastKnownFileType = sourcecode.cpp.objcpp; name = "openglview-mac.mm"; path = "../src/engine/opengl/openglview-mac.mm"; sourceTree = SOURCE_ROOT; };
		316957D122B13E75001BE627 /* iresourcemanager.cpp */ = {isa = PBXFileReference; fileEncoding = 4; lastKnownFileType = sourcecode.cpp.cpp; name = iresourcemanager.cpp; path = ../src/engine/iresourcemanager.cpp; sourceTree = SOURCE_ROOT; };
		316957D222B13E75001BE627 /* iresourcemanager.hpp */ = {isa = PBXFileReference; fileEncoding = 4; lastKnownFileType = sourcecode.cpp.h; name = iresourcemanager.hpp; path = ../src/engine/iresourcemanager.hpp; sourceTree = SOURCE_ROOT; };
		316957D422B13ECF001BE627 /* objectmanager.cpp */ = {isa = PBXFileReference; fileEncoding = 4; lastKnownFileType = sourcecode.cpp.cpp; name = objectmanager.cpp; path = ../src/engine/objectmanager.cpp; sourceTree = SOURCE_ROOT; };
		316957D522B13ECF001BE627 /* objectmanager.hpp */ = {isa = PBXFileReference; fileEncoding = 4; lastKnownFileType = sourcecode.cpp.h; name = objectmanager.hpp; path = ../src/engine/objectmanager.hpp; sourceTree = SOURCE_ROOT; };
		317BBE2B22B94142005AF45B /* texturemanagergl.cpp */ = {isa = PBXFileReference; fileEncoding = 4; lastKnownFileType = sourcecode.cpp.cpp; name = texturemanagergl.cpp; path = ../src/engine/opengl/texturemanagergl.cpp; sourceTree = SOURCE_ROOT; };
		317BBE2C22B94142005AF45B /* texturemanagergl.hpp */ = {isa = PBXFileReference; fileEncoding = 4; lastKnownFileType = sourcecode.cpp.h; name = texturemanagergl.hpp; path = ../src/engine/opengl/texturemanagergl.hpp; sourceTree = SOURCE_ROOT; };
		317BBE3022B94339005AF45B /* lodepng.cpp */ = {isa = PBXFileReference; fileEncoding = 4; lastKnownFileType = sourcecode.cpp.cpp; name = lodepng.cpp; path = ../lib/lodepng/lodepng.cpp; sourceTree = SOURCE_ROOT; };
		317BBE3222B9433F005AF45B /* lodepng.hpp */ = {isa = PBXFileReference; fileEncoding = 4; lastKnownFileType = sourcecode.cpp.h; name = lodepng.hpp; path = ../lib/lodepng/lodepng.hpp; sourceTree = SOURCE_ROOT; };
		31F1D2AB22AFF37F0023D763 /* factory.cpp */ = {isa = PBXFileReference; fileEncoding = 4; lastKnownFileType = sourcecode.cpp.cpp; name = factory.cpp; path = "../src/example-game/factory.cpp"; sourceTree = "<group>"; };
		31F1D2AC22AFF37F0023D763 /* factory.hpp */ = {isa = PBXFileReference; fileEncoding = 4; lastKnownFileType = sourcecode.cpp.h; name = factory.hpp; path = "../src/example-game/factory.hpp"; sourceTree = "<group>"; };
		31F1D2B222AFF3950023D763 /* libengine.a */ = {isa = PBXFileReference; explicitFileType = archive.ar; includeInIndex = 0; path = libengine.a; sourceTree = BUILT_PRODUCTS_DIR; };
		31F1D2BD22AFF6A20023D763 /* tile.cpp */ = {isa = PBXFileReference; fileEncoding = 4; lastKnownFileType = sourcecode.cpp.cpp; name = tile.cpp; path = "../src/example-game/tile.cpp"; sourceTree = "<group>"; };
		31F1D2BE22AFF6A20023D763 /* tile.hpp */ = {isa = PBXFileReference; fileEncoding = 4; lastKnownFileType = sourcecode.cpp.h; name = tile.hpp; path = "../src/example-game/tile.hpp"; sourceTree = "<group>"; };
		31F5072922AE990C003F32CD /* game-mac.app */ = {isa = PBXFileReference; explicitFileType = wrapper.application; includeInIndex = 0; path = "game-mac.app"; sourceTree = BUILT_PRODUCTS_DIR; };
		31F5072C22AE990C003F32CD /* AppDelegate.h */ = {isa = PBXFileReference; lastKnownFileType = sourcecode.c.h; name = AppDelegate.h; path = "game-mac/AppDelegate.h"; sourceTree = SOURCE_ROOT; };
		31F5072D22AE990C003F32CD /* AppDelegate.mm */ = {isa = PBXFileReference; lastKnownFileType = sourcecode.cpp.objcpp; name = AppDelegate.mm; path = "game-mac/AppDelegate.mm"; sourceTree = SOURCE_ROOT; };
		31F5073022AE990C003F32CD /* main.m */ = {isa = PBXFileReference; lastKnownFileType = sourcecode.c.objc; name = main.m; path = "game-mac/main.m"; sourceTree = SOURCE_ROOT; };
		31F5073222AE990C003F32CD /* Assets.xcassets */ = {isa = PBXFileReference; lastKnownFileType = folder.assetcatalog; name = Assets.xcassets; path = "game-mac/Assets.xcassets"; sourceTree = SOURCE_ROOT; };
		31F5073522AE990C003F32CD /* Base */ = {isa = PBXFileReference; lastKnownFileType = file.xib; name = Base; path = Base.lproj/MainMenu.xib; sourceTree = "<group>"; };
		31F5073722AE990C003F32CD /* Info.plist */ = {isa = PBXFileReference; lastKnownFileType = text.plist.xml; name = Info.plist; path = "game-mac/Info.plist"; sourceTree = SOURCE_ROOT; };
		31FA47CD22BAD4B8003A2C5D /* inputmanager.cpp */ = {isa = PBXFileReference; fileEncoding = 4; lastKnownFileType = sourcecode.cpp.cpp; name = inputmanager.cpp; path = ../src/engine/inputmanager.cpp; sourceTree = SOURCE_ROOT; };
		31FA47CE22BAD4B8003A2C5D /* inputmanager.hpp */ = {isa = PBXFileReference; fileEncoding = 4; lastKnownFileType = sourcecode.cpp.h; name = inputmanager.hpp; path = ../src/engine/inputmanager.hpp; sourceTree = SOURCE_ROOT; };
		31FA47D122BADAE4003A2C5D /* shadermanager.cpp */ = {isa = PBXFileReference; fileEncoding = 4; lastKnownFileType = sourcecode.cpp.cpp; name = shadermanager.cpp; path = ../src/engine/shadermanager.cpp; sourceTree = SOURCE_ROOT; };
		31FA47D222BADAE4003A2C5D /* shadermanager.hpp */ = {isa = PBXFileReference; fileEncoding = 4; lastKnownFileType = sourcecode.cpp.h; name = shadermanager.hpp; path = ../src/engine/shadermanager.hpp; sourceTree = SOURCE_ROOT; };
		31FA47D622BADC07003A2C5D /* ishader.hpp */ = {isa = PBXFileReference; fileEncoding = 4; lastKnownFileType = sourcecode.cpp.h; name = ishader.hpp; path = ../src/engine/ishader.hpp; sourceTree = SOURCE_ROOT; };
/* End PBXFileReference section */

/* Begin PBXFrameworksBuildPhase section */
		31F1D2AF22AFF3950023D763 /* Frameworks */ = {
			isa = PBXFrameworksBuildPhase;
			buildActionMask = 2147483647;
			files = (
			);
			runOnlyForDeploymentPostprocessing = 0;
		};
		31F5072622AE990C003F32CD /* Frameworks */ = {
			isa = PBXFrameworksBuildPhase;
			buildActionMask = 2147483647;
			files = (
				31F1D2BC22AFF3F10023D763 /* libengine.a in Frameworks */,
			);
			runOnlyForDeploymentPostprocessing = 0;
		};
/* End PBXFrameworksBuildPhase section */

/* Begin PBXGroup section */
		313C665E22AEC0A900EF8A7C /* engine */ = {
			isa = PBXGroup;
			children = (
				313C666E22AEC3C500EF8A7C /* types.hpp */,
				313C665F22AEC0D000EF8A7C /* controller.cpp */,
				313C666022AEC0D000EF8A7C /* controller.hpp */,
				313C666322AEC0DA00EF8A7C /* iobject.hpp */,
				31FA47D622BADC07003A2C5D /* ishader.hpp */,
				313C666C22AEC16100EF8A7C /* iobjectfactory.hpp */,
				31181FBA22B9756F00EC5BAC /* itexturemanager.hpp */,
				316957D422B13ECF001BE627 /* objectmanager.cpp */,
				316957D522B13ECF001BE627 /* objectmanager.hpp */,
				31FA47CD22BAD4B8003A2C5D /* inputmanager.cpp */,
				31FA47CE22BAD4B8003A2C5D /* inputmanager.hpp */,
				31FA47D122BADAE4003A2C5D /* shadermanager.cpp */,
				31FA47D222BADAE4003A2C5D /* shadermanager.hpp */,
				316957D122B13E75001BE627 /* iresourcemanager.cpp */,
				316957D222B13E75001BE627 /* iresourcemanager.hpp */,
				3150BDCD22BD4E1000E8FF0E /* ifontmanager.cpp */,
				3150BDCE22BD4E1000E8FF0E /* ifontmanager.hpp */,
			);
			name = engine;
			path = game;
			sourceTree = "<group>";
		};
		3150BDC722BD3FA000E8FF0E /* engine-util */ = {
			isa = PBXGroup;
			children = (
				3150BDC322BD3F9D00E8FF0E /* timeline.cpp */,
				3150BDC422BD3F9D00E8FF0E /* timeline.hpp */,
				313C666522AEC0F000EF8A7C /* animatable.cpp */,
				313C666622AEC0F000EF8A7C /* animatable.hpp */,
			);
			name = "engine-util";
			sourceTree = "<group>";
		};
		317BBE2A22B9410C005AF45B /* opengl */ = {
			isa = PBXGroup;
			children = (
				3150BDCC22BD4C9600E8FF0E /* opengl.hpp */,
				3150BDC822BD482300E8FF0E /* shadergl.cpp */,
				3150BDC922BD482300E8FF0E /* shadergl.hpp */,
				317BBE2B22B94142005AF45B /* texturemanagergl.cpp */,
				317BBE2C22B94142005AF45B /* texturemanagergl.hpp */,
				316957CE22B13BFD001BE627 /* openglview-mac.hpp */,
				316957CF22B13BFD001BE627 /* openglview-mac.mm */,
			);
			name = opengl;
			path = game;
			sourceTree = "<group>";
		};
		317BBE2F22B9432E005AF45B /* lodepng */ = {
			isa = PBXGroup;
			children = (
				317BBE3022B94339005AF45B /* lodepng.cpp */,
				317BBE3222B9433F005AF45B /* lodepng.hpp */,
			);
			name = lodepng;
			path = game;
			sourceTree = "<group>";
		};
		31F1D2AA22AFF3420023D763 /* example-game */ = {
			isa = PBXGroup;
			children = (
				31F1D2AB22AFF37F0023D763 /* factory.cpp */,
				31F1D2AC22AFF37F0023D763 /* factory.hpp */,
				31F1D2BD22AFF6A20023D763 /* tile.cpp */,
				31F1D2BE22AFF6A20023D763 /* tile.hpp */,
				31181FBE22B9762300EC5BAC /* mycontroller.cpp */,
				31181FBF22B9762300EC5BAC /* mycontroller.hpp */,
			);
			name = "example-game";
			sourceTree = "<group>";
		};
		31F5072022AE990C003F32CD = {
			isa = PBXGroup;
			children = (
				3150BDC722BD3FA000E8FF0E /* engine-util */,
				313C665E22AEC0A900EF8A7C /* engine */,
				317BBE2A22B9410C005AF45B /* opengl */,
				317BBE2F22B9432E005AF45B /* lodepng */,
				31F1D2AA22AFF3420023D763 /* example-game */,
				31F5072B22AE990C003F32CD /* game */,
				31F5072A22AE990C003F32CD /* Products */,
			);
			sourceTree = "<group>";
		};
		31F5072A22AE990C003F32CD /* Products */ = {
			isa = PBXGroup;
			children = (
				31F5072922AE990C003F32CD /* game-mac.app */,
				31F1D2B222AFF3950023D763 /* libengine.a */,
			);
			name = Products;
			sourceTree = "<group>";
		};
		31F5072B22AE990C003F32CD /* game */ = {
			isa = PBXGroup;
			children = (
				31F5072C22AE990C003F32CD /* AppDelegate.h */,
				31F5072D22AE990C003F32CD /* AppDelegate.mm */,
				31F5073222AE990C003F32CD /* Assets.xcassets */,
				31F5073422AE990C003F32CD /* MainMenu.xib */,
				31F5073722AE990C003F32CD /* Info.plist */,
				31F5072F22AE990C003F32CD /* Supporting Files */,
			);
			path = game;
			sourceTree = "<group>";
		};
		31F5072F22AE990C003F32CD /* Supporting Files */ = {
			isa = PBXGroup;
			children = (
				31F5073022AE990C003F32CD /* main.m */,
			);
			name = "Supporting Files";
			sourceTree = "<group>";
		};
/* End PBXGroup section */

/* Begin PBXHeadersBuildPhase section */
		31F1D2B022AFF3950023D763 /* Headers */ = {
			isa = PBXHeadersBuildPhase;
			buildActionMask = 2147483647;
			files = (
				317BBE3322B9433F005AF45B /* lodepng.hpp in Headers */,
				31181FBC22B9756F00EC5BAC /* itexturemanager.hpp in Headers */,
				3150BDD022BD4E1000E8FF0E /* ifontmanager.hpp in Headers */,
				3150BDC622BD3F9D00E8FF0E /* timeline.hpp in Headers */,
				317BBE2E22B94142005AF45B /* texturemanagergl.hpp in Headers */,
				3150BDCB22BD482300E8FF0E /* shadergl.hpp in Headers */,
				31FA47D022BAD4B8003A2C5D /* inputmanager.hpp in Headers */,
				31FA47D422BADAE4003A2C5D /* shadermanager.hpp in Headers */,
				31FA47D822BADC07003A2C5D /* ishader.hpp in Headers */,
			);
			runOnlyForDeploymentPostprocessing = 0;
		};
/* End PBXHeadersBuildPhase section */

/* Begin PBXNativeTarget section */
		31F1D2B122AFF3950023D763 /* engine */ = {
			isa = PBXNativeTarget;
			buildConfigurationList = 31F1D2B322AFF3960023D763 /* Build configuration list for PBXNativeTarget "engine" */;
			buildPhases = (
				31F1D2AE22AFF3950023D763 /* Sources */,
				31F1D2AF22AFF3950023D763 /* Frameworks */,
				31F1D2B022AFF3950023D763 /* Headers */,
			);
			buildRules = (
			);
			dependencies = (
			);
			name = engine;
			productName = engine;
			productReference = 31F1D2B222AFF3950023D763 /* libengine.a */;
			productType = "com.apple.product-type.library.static";
		};
		31F5072822AE990C003F32CD /* game-mac */ = {
			isa = PBXNativeTarget;
			buildConfigurationList = 31F5073A22AE990C003F32CD /* Build configuration list for PBXNativeTarget "game-mac" */;
			buildPhases = (
				31F5072522AE990C003F32CD /* Sources */,
				31F5072622AE990C003F32CD /* Frameworks */,
				31F5072722AE990C003F32CD /* Resources */,
			);
			buildRules = (
			);
			dependencies = (
				31F1D2B722AFF39F0023D763 /* PBXTargetDependency */,
			);
			name = "game-mac";
			productName = game;
			productReference = 31F5072922AE990C003F32CD /* game-mac.app */;
			productType = "com.apple.product-type.application";
		};
/* End PBXNativeTarget section */

/* Begin PBXProject section */
		31F5072122AE990C003F32CD /* Project object */ = {
			isa = PBXProject;
			attributes = {
				LastUpgradeCheck = 0720;
				ORGANIZATIONNAME = "Jesse Vogel";
				TargetAttributes = {
					31F1D2B122AFF3950023D763 = {
						CreatedOnToolsVersion = 7.2.1;
					};
					31F5072822AE990C003F32CD = {
						CreatedOnToolsVersion = 7.2.1;
					};
				};
			};
			buildConfigurationList = 31F5072422AE990C003F32CD /* Build configuration list for PBXProject "game-mac" */;
			compatibilityVersion = "Xcode 3.2";
			developmentRegion = English;
			hasScannedForEncodings = 0;
			knownRegions = (
				en,
				Base,
			);
			mainGroup = 31F5072022AE990C003F32CD;
			productRefGroup = 31F5072A22AE990C003F32CD /* Products */;
			projectDirPath = "";
			projectRoot = "";
			targets = (
				31F1D2B122AFF3950023D763 /* engine */,
				31F5072822AE990C003F32CD /* game-mac */,
			);
		};
/* End PBXProject section */

/* Begin PBXResourcesBuildPhase section */
		31F5072722AE990C003F32CD /* Resources */ = {
			isa = PBXResourcesBuildPhase;
			buildActionMask = 2147483647;
			files = (
				31F5073322AE990C003F32CD /* Assets.xcassets in Resources */,
				31F5073622AE990C003F32CD /* MainMenu.xib in Resources */,
			);
			runOnlyForDeploymentPostprocessing = 0;
		};
/* End PBXResourcesBuildPhase section */

/* Begin PBXSourcesBuildPhase section */
		31F1D2AE22AFF3950023D763 /* Sources */ = {
			isa = PBXSourcesBuildPhase;
			buildActionMask = 2147483647;
			files = (
				317BBE2D22B94142005AF45B /* texturemanagergl.cpp in Sources */,
				3150BDCA22BD482300E8FF0E /* shadergl.cpp in Sources */,
				3150BDCF22BD4E1000E8FF0E /* ifontmanager.cpp in Sources */,
				3150BDC522BD3F9D00E8FF0E /* timeline.cpp in Sources */,
				31F1D2B822AFF3B60023D763 /* controller.cpp in Sources */,
				317BBE3122B94339005AF45B /* lodepng.cpp in Sources */,
				317BBE3422B944E7005AF45B /* objectmanager.cpp in Sources */,
				31FA47D322BADAE4003A2C5D /* shadermanager.cpp in Sources */,
				31F1D2BA22AFF3B60023D763 /* animatable.cpp in Sources */,
				31FA47CF22BAD4B8003A2C5D /* inputmanager.cpp in Sources */,
				317BBE3522B944EB005AF45B /* iresourcemanager.cpp in Sources */,
			);
			runOnlyForDeploymentPostprocessing = 0;
		};
		31F5072522AE990C003F32CD /* Sources */ = {
			isa = PBXSourcesBuildPhase;
			buildActionMask = 2147483647;
			files = (
				31F5073122AE990C003F32CD /* main.m in Sources */,
				31181FC022B9762300EC5BAC /* mycontroller.cpp in Sources */,
				316957D022B13BFD001BE627 /* openglview-mac.mm in Sources */,
				31F5072E22AE990C003F32CD /* AppDelegate.mm in Sources */,
				31F1D2AD22AFF37F0023D763 /* factory.cpp in Sources */,
				31F1D2BF22AFF6A20023D763 /* tile.cpp in Sources */,
			);
			runOnlyForDeploymentPostprocessing = 0;
		};
/* End PBXSourcesBuildPhase section */

/* Begin PBXTargetDependency section */
		31F1D2B722AFF39F0023D763 /* PBXTargetDependency */ = {
			isa = PBXTargetDependency;
			target = 31F1D2B122AFF3950023D763 /* engine */;
			targetProxy = 31F1D2B622AFF39F0023D763 /* PBXContainerItemProxy */;
		};
/* End PBXTargetDependency section */

/* Begin PBXVariantGroup section */
		31F5073422AE990C003F32CD /* MainMenu.xib */ = {
			isa = PBXVariantGroup;
			children = (
				31F5073522AE990C003F32CD /* Base */,
			);
			name = MainMenu.xib;
			path = "game-mac";
			sourceTree = SOURCE_ROOT;
		};
/* End PBXVariantGroup section */

/* Begin XCBuildConfiguration section */
		31F1D2B422AFF3960023D763 /* Debug */ = {
			isa = XCBuildConfiguration;
			buildSettings = {
				EXECUTABLE_PREFIX = lib;
				HEADER_SEARCH_PATHS = ../lib;
				PRODUCT_NAME = "$(TARGET_NAME)";
			};
			name = Debug;
		};
		31F1D2B522AFF3960023D763 /* Release */ = {
			isa = XCBuildConfiguration;
			buildSettings = {
				EXECUTABLE_PREFIX = lib;
				HEADER_SEARCH_PATHS = ../lib;
				PRODUCT_NAME = "$(TARGET_NAME)";
			};
			name = Release;
		};
		31F5073822AE990C003F32CD /* Debug */ = {
			isa = XCBuildConfiguration;
			buildSettings = {
				ALWAYS_SEARCH_USER_PATHS = NO;
				CLANG_CXX_LANGUAGE_STANDARD = "gnu++0x";
				CLANG_CXX_LIBRARY = "libc++";
				CLANG_ENABLE_MODULES = YES;
				CLANG_ENABLE_OBJC_ARC = YES;
				CLANG_WARN_BOOL_CONVERSION = YES;
				CLANG_WARN_CONSTANT_CONVERSION = YES;
				CLANG_WARN_DIRECT_OBJC_ISA_USAGE = YES_ERROR;
				CLANG_WARN_EMPTY_BODY = YES;
				CLANG_WARN_ENUM_CONVERSION = YES;
				CLANG_WARN_INT_CONVERSION = YES;
				CLANG_WARN_OBJC_ROOT_CLASS = YES_ERROR;
				CLANG_WARN_UNREACHABLE_CODE = YES;
				CLANG_WARN__DUPLICATE_METHOD_MATCH = YES;
				CODE_SIGN_IDENTITY = "-";
				COPY_PHASE_STRIP = NO;
				DEBUG_INFORMATION_FORMAT = dwarf;
				ENABLE_STRICT_OBJC_MSGSEND = YES;
				ENABLE_TESTABILITY = YES;
				GCC_C_LANGUAGE_STANDARD = gnu99;
				GCC_DYNAMIC_NO_PIC = NO;
				GCC_NO_COMMON_BLOCKS = YES;
				GCC_OPTIMIZATION_LEVEL = 0;
				GCC_PREPROCESSOR_DEFINITIONS = (
					"DEBUG=1",
					"$(inherited)",
				);
				GCC_WARN_64_TO_32_BIT_CONVERSION = YES;
				GCC_WARN_ABOUT_RETURN_TYPE = YES_ERROR;
				GCC_WARN_UNDECLARED_SELECTOR = YES;
				GCC_WARN_UNINITIALIZED_AUTOS = YES_AGGRESSIVE;
				GCC_WARN_UNUSED_FUNCTION = YES;
				GCC_WARN_UNUSED_VARIABLE = YES;
				MACOSX_DEPLOYMENT_TARGET = 10.10;
				MTL_ENABLE_DEBUG_INFO = YES;
				ONLY_ACTIVE_ARCH = YES;
				SDKROOT = macosx;
			};
			name = Debug;
		};
		31F5073922AE990C003F32CD /* Release */ = {
			isa = XCBuildConfiguration;
			buildSettings = {
				ALWAYS_SEARCH_USER_PATHS = NO;
				CLANG_CXX_LANGUAGE_STANDARD = "gnu++0x";
				CLANG_CXX_LIBRARY = "libc++";
				CLANG_ENABLE_MODULES = YES;
				CLANG_ENABLE_OBJC_ARC = YES;
				CLANG_WARN_BOOL_CONVERSION = YES;
				CLANG_WARN_CONSTANT_CONVERSION = YES;
				CLANG_WARN_DIRECT_OBJC_ISA_USAGE = YES_ERROR;
				CLANG_WARN_EMPTY_BODY = YES;
				CLANG_WARN_ENUM_CONVERSION = YES;
				CLANG_WARN_INT_CONVERSION = YES;
				CLANG_WARN_OBJC_ROOT_CLASS = YES_ERROR;
				CLANG_WARN_UNREACHABLE_CODE = YES;
				CLANG_WARN__DUPLICATE_METHOD_MATCH = YES;
				CODE_SIGN_IDENTITY = "-";
				COPY_PHASE_STRIP = NO;
				DEBUG_INFORMATION_FORMAT = "dwarf-with-dsym";
				ENABLE_NS_ASSERTIONS = NO;
				ENABLE_STRICT_OBJC_MSGSEND = YES;
				GCC_C_LANGUAGE_STANDARD = gnu99;
				GCC_NO_COMMON_BLOCKS = YES;
				GCC_WARN_64_TO_32_BIT_CONVERSION = YES;
				GCC_WARN_ABOUT_RETURN_TYPE = YES_ERROR;
				GCC_WARN_UNDECLARED_SELECTOR = YES;
				GCC_WARN_UNINITIALIZED_AUTOS = YES_AGGRESSIVE;
				GCC_WARN_UNUSED_FUNCTION = YES;
				GCC_WARN_UNUSED_VARIABLE = YES;
				MACOSX_DEPLOYMENT_TARGET = 10.10;
				MTL_ENABLE_DEBUG_INFO = NO;
				SDKROOT = macosx;
			};
			name = Release;
		};
		31F5073B22AE990C003F32CD /* Debug */ = {
			isa = XCBuildConfiguration;
			buildSettings = {
				ASSETCATALOG_COMPILER_APPICON_NAME = AppIcon;
				COMBINE_HIDPI_IMAGES = YES;
				HEADER_SEARCH_PATHS = ../lib;
				INFOPLIST_FILE = "game-mac/Info.plist";
				LD_RUNPATH_SEARCH_PATHS = "$(inherited) @executable_path/../Frameworks";
				PRODUCT_BUNDLE_IDENTIFIER = "nl.jessetvogel.game-mac";
				PRODUCT_NAME = "game-mac";
			};
			name = Debug;
		};
		31F5073C22AE990C003F32CD /* Release */ = {
			isa = XCBuildConfiguration;
			buildSettings = {
				ASSETCATALOG_COMPILER_APPICON_NAME = AppIcon;
				COMBINE_HIDPI_IMAGES = YES;
				HEADER_SEARCH_PATHS = ../lib;
				INFOPLIST_FILE = "game-mac/Info.plist";
				LD_RUNPATH_SEARCH_PATHS = "$(inherited) @executable_path/../Frameworks";
				PRODUCT_BUNDLE_IDENTIFIER = "nl.jessetvogel.game-mac";
				PRODUCT_NAME = "game-mac";
			};
			name = Release;
		};
/* End XCBuildConfiguration section */

/* Begin XCConfigurationList section */
		31F1D2B322AFF3960023D763 /* Build configuration list for PBXNativeTarget "engine" */ = {
			isa = XCConfigurationList;
			buildConfigurations = (
				31F1D2B422AFF3960023D763 /* Debug */,
				31F1D2B522AFF3960023D763 /* Release */,
			);
			defaultConfigurationIsVisible = 0;
			defaultConfigurationName = Release;
		};
		31F5072422AE990C003F32CD /* Build configuration list for PBXProject "game-mac" */ = {
			isa = XCConfigurationList;
			buildConfigurations = (
				31F5073822AE990C003F32CD /* Debug */,
				31F5073922AE990C003F32CD /* Release */,
			);
			defaultConfigurationIsVisible = 0;
			defaultConfigurationName = Release;
		};
		31F5073A22AE990C003F32CD /* Build configuration list for PBXNativeTarget "game-mac" */ = {
			isa = XCConfigurationList;
			buildConfigurations = (
				31F5073B22AE990C003F32CD /* Debug */,
				31F5073C22AE990C003F32CD /* Release */,
			);
			defaultConfigurationIsVisible = 0;
			defaultConfigurationName = Release;
		};
/* End XCConfigurationList section */
	};
	rootObject = 31F5072122AE990C003F32CD /* Project object */;
}
